// !$*UTF8*$!
{
	archiveVersion = 1;
	classes = {
	};
	objectVersion = 55;
	objects = {

/* Begin PBXBuildFile section */
		052312DA279AD718003CFB9E /* MoneyOK_iOSApp.swift in Sources */ = {isa = PBXBuildFile; fileRef = 052312D9279AD718003CFB9E /* MoneyOK_iOSApp.swift */; };
		052312DC279AD718003CFB9E /* ContentView.swift in Sources */ = {isa = PBXBuildFile; fileRef = 052312DB279AD718003CFB9E /* ContentView.swift */; };
		052312DE279AD719003CFB9E /* Assets.xcassets in Resources */ = {isa = PBXBuildFile; fileRef = 052312DD279AD719003CFB9E /* Assets.xcassets */; };
		052312E1279AD719003CFB9E /* Preview Assets.xcassets in Resources */ = {isa = PBXBuildFile; fileRef = 052312E0279AD719003CFB9E /* Preview Assets.xcassets */; };
		052312EC279AD732003CFB9E /* MoneyOK_macOSApp.swift in Sources */ = {isa = PBXBuildFile; fileRef = 052312EB279AD732003CFB9E /* MoneyOK_macOSApp.swift */; };
		052312EE279AD732003CFB9E /* ContentView.swift in Sources */ = {isa = PBXBuildFile; fileRef = 052312ED279AD732003CFB9E /* ContentView.swift */; };
		052312F0279AD733003CFB9E /* Assets.xcassets in Resources */ = {isa = PBXBuildFile; fileRef = 052312EF279AD733003CFB9E /* Assets.xcassets */; };
		052312F3279AD733003CFB9E /* Preview Assets.xcassets in Resources */ = {isa = PBXBuildFile; fileRef = 052312F2279AD733003CFB9E /* Preview Assets.xcassets */; };
		052312FD279AD7AE003CFB9E /* Preview Assets.xcassets in Resources */ = {isa = PBXBuildFile; fileRef = 052312FC279AD7AE003CFB9E /* Preview Assets.xcassets */; };
		052312FE279AD7AE003CFB9E /* Preview Assets.xcassets in Resources */ = {isa = PBXBuildFile; fileRef = 052312FC279AD7AE003CFB9E /* Preview Assets.xcassets */; };
		05231300279AE05D003CFB9E /* SettingsView.swift in Sources */ = {isa = PBXBuildFile; fileRef = 052312FF279AE05D003CFB9E /* SettingsView.swift */; };
		05231303279AE2F1003CFB9E /* AccountsListView.swift in Sources */ = {isa = PBXBuildFile; fileRef = 05231302279AE2F0003CFB9E /* AccountsListView.swift */; };
		05231304279AE2F1003CFB9E /* AccountsListView.swift in Sources */ = {isa = PBXBuildFile; fileRef = 05231302279AE2F0003CFB9E /* AccountsListView.swift */; };
		05231306279AE3A3003CFB9E /* SidebarView.swift in Sources */ = {isa = PBXBuildFile; fileRef = 05231305279AE3A3003CFB9E /* SidebarView.swift */; };
		05231307279AE3A3003CFB9E /* SidebarView.swift in Sources */ = {isa = PBXBuildFile; fileRef = 05231305279AE3A3003CFB9E /* SidebarView.swift */; };
		0523130C279B0882003CFB9E /* AccountCallView.swift in Sources */ = {isa = PBXBuildFile; fileRef = 0523130B279B0881003CFB9E /* AccountCallView.swift */; };
		0523130D279B0882003CFB9E /* AccountCallView.swift in Sources */ = {isa = PBXBuildFile; fileRef = 0523130B279B0881003CFB9E /* AccountCallView.swift */; };
		0534A21927A8216900929BC7 /* NewAccountView.swift in Sources */ = {isa = PBXBuildFile; fileRef = 0577CCBF27A04B9D001D4724 /* NewAccountView.swift */; };
		0534A21B27A8293000929BC7 /* PanelView.swift in Sources */ = {isa = PBXBuildFile; fileRef = 0534A21A27A8293000929BC7 /* PanelView.swift */; };
		0534A21F27AABB9100929BC7 /* AccountsListShowView.swift in Sources */ = {isa = PBXBuildFile; fileRef = 0534A21E27AABB9100929BC7 /* AccountsListShowView.swift */; };
		0534A22027AABB9100929BC7 /* AccountsListShowView.swift in Sources */ = {isa = PBXBuildFile; fileRef = 0534A21E27AABB9100929BC7 /* AccountsListShowView.swift */; };
		0549FA1B27AC1C2A0086506A /* TransactionListView.swift in Sources */ = {isa = PBXBuildFile; fileRef = 0549FA1A27AC1C2A0086506A /* TransactionListView.swift */; };
		0549FA1D27AC1CA30086506A /* TransactionViewModel.swift in Sources */ = {isa = PBXBuildFile; fileRef = 0549FA1C27AC1CA30086506A /* TransactionViewModel.swift */; };
		0549FA1E27AC1CA30086506A /* TransactionViewModel.swift in Sources */ = {isa = PBXBuildFile; fileRef = 0549FA1C27AC1CA30086506A /* TransactionViewModel.swift */; };
		054F0381279EDBC500F7271A /* Database.xcdatamodeld in Sources */ = {isa = PBXBuildFile; fileRef = 054F037F279EDBC500F7271A /* Database.xcdatamodeld */; };
		054F0382279EDBC500F7271A /* Database.xcdatamodeld in Sources */ = {isa = PBXBuildFile; fileRef = 054F037F279EDBC500F7271A /* Database.xcdatamodeld */; };
		054F0384279EE91900F7271A /* PersistenceController.swift in Sources */ = {isa = PBXBuildFile; fileRef = 054F0383279EE91900F7271A /* PersistenceController.swift */; };
		054F0385279EE91900F7271A /* PersistenceController.swift in Sources */ = {isa = PBXBuildFile; fileRef = 054F0383279EE91900F7271A /* PersistenceController.swift */; };
		054F03AD27A005D100F7271A /* ColorSwatchView.swift in Sources */ = {isa = PBXBuildFile; fileRef = 054F03AC27A005D100F7271A /* ColorSwatchView.swift */; };
		054F03AE27A005D100F7271A /* ColorSwatchView.swift in Sources */ = {isa = PBXBuildFile; fileRef = 054F03AC27A005D100F7271A /* ColorSwatchView.swift */; };
		054F03B627A012A600F7271A /* SFSymbolsPicker.swift in Sources */ = {isa = PBXBuildFile; fileRef = 054F03B327A012A600F7271A /* SFSymbolsPicker.swift */; };
		054F03B727A012A600F7271A /* SFSymbolsPicker.swift in Sources */ = {isa = PBXBuildFile; fileRef = 054F03B327A012A600F7271A /* SFSymbolsPicker.swift */; };
		054F03B827A012A600F7271A /* Symbols.swift in Sources */ = {isa = PBXBuildFile; fileRef = 054F03B427A012A600F7271A /* Symbols.swift */; };
		054F03B927A012A600F7271A /* Symbols.swift in Sources */ = {isa = PBXBuildFile; fileRef = 054F03B427A012A600F7271A /* Symbols.swift */; };
		054F03BA27A012A600F7271A /* UsageExample.swift in Sources */ = {isa = PBXBuildFile; fileRef = 054F03B527A012A600F7271A /* UsageExample.swift */; };
		054F03BB27A012A600F7271A /* UsageExample.swift in Sources */ = {isa = PBXBuildFile; fileRef = 054F03B527A012A600F7271A /* UsageExample.swift */; };
		054F03BD27A023D100F7271A /* KeyboardListener.swift in Sources */ = {isa = PBXBuildFile; fileRef = 054F03BC27A023D100F7271A /* KeyboardListener.swift */; };
		054F03BE27A023D100F7271A /* KeyboardListener.swift in Sources */ = {isa = PBXBuildFile; fileRef = 054F03BC27A023D100F7271A /* KeyboardListener.swift */; };
		0577CCC027A04B9D001D4724 /* NewAccountView.swift in Sources */ = {isa = PBXBuildFile; fileRef = 0577CCBF27A04B9D001D4724 /* NewAccountView.swift */; };
		0590BC2C27AC0D0A00DB75E7 /* ImagePicker.swift in Sources */ = {isa = PBXBuildFile; fileRef = 0590BC2B27AC0D0900DB75E7 /* ImagePicker.swift */; };
		05E6B53827AD5BFC00AB6A9D /* Transaction+CoreDataClass.swift in Sources */ = {isa = PBXBuildFile; fileRef = 05E6B53027AD5BFC00AB6A9D /* Transaction+CoreDataClass.swift */; };
		05E6B53927AD5BFC00AB6A9D /* Transaction+CoreDataClass.swift in Sources */ = {isa = PBXBuildFile; fileRef = 05E6B53027AD5BFC00AB6A9D /* Transaction+CoreDataClass.swift */; };
		05E6B53A27AD5BFC00AB6A9D /* Transaction+CoreDataProperties.swift in Sources */ = {isa = PBXBuildFile; fileRef = 05E6B53127AD5BFC00AB6A9D /* Transaction+CoreDataProperties.swift */; };
		05E6B53B27AD5BFC00AB6A9D /* Transaction+CoreDataProperties.swift in Sources */ = {isa = PBXBuildFile; fileRef = 05E6B53127AD5BFC00AB6A9D /* Transaction+CoreDataProperties.swift */; };
		05E6B53C27AD5BFC00AB6A9D /* CategoryIncome+CoreDataClass.swift in Sources */ = {isa = PBXBuildFile; fileRef = 05E6B53227AD5BFC00AB6A9D /* CategoryIncome+CoreDataClass.swift */; };
		05E6B53D27AD5BFC00AB6A9D /* CategoryIncome+CoreDataClass.swift in Sources */ = {isa = PBXBuildFile; fileRef = 05E6B53227AD5BFC00AB6A9D /* CategoryIncome+CoreDataClass.swift */; };
		05E6B53E27AD5BFC00AB6A9D /* CategoryIncome+CoreDataProperties.swift in Sources */ = {isa = PBXBuildFile; fileRef = 05E6B53327AD5BFC00AB6A9D /* CategoryIncome+CoreDataProperties.swift */; };
		05E6B53F27AD5BFC00AB6A9D /* CategoryIncome+CoreDataProperties.swift in Sources */ = {isa = PBXBuildFile; fileRef = 05E6B53327AD5BFC00AB6A9D /* CategoryIncome+CoreDataProperties.swift */; };
		05E6B54027AD5BFC00AB6A9D /* AccountEntity+CoreDataClass.swift in Sources */ = {isa = PBXBuildFile; fileRef = 05E6B53427AD5BFC00AB6A9D /* AccountEntity+CoreDataClass.swift */; };
		05E6B54127AD5BFC00AB6A9D /* AccountEntity+CoreDataClass.swift in Sources */ = {isa = PBXBuildFile; fileRef = 05E6B53427AD5BFC00AB6A9D /* AccountEntity+CoreDataClass.swift */; };
		05E6B54227AD5BFC00AB6A9D /* AccountEntity+CoreDataProperties.swift in Sources */ = {isa = PBXBuildFile; fileRef = 05E6B53527AD5BFC00AB6A9D /* AccountEntity+CoreDataProperties.swift */; };
		05E6B54327AD5BFC00AB6A9D /* AccountEntity+CoreDataProperties.swift in Sources */ = {isa = PBXBuildFile; fileRef = 05E6B53527AD5BFC00AB6A9D /* AccountEntity+CoreDataProperties.swift */; };
		05E6B54427AD5BFC00AB6A9D /* CategoryCosts+CoreDataClass.swift in Sources */ = {isa = PBXBuildFile; fileRef = 05E6B53627AD5BFC00AB6A9D /* CategoryCosts+CoreDataClass.swift */; };
		05E6B54527AD5BFC00AB6A9D /* CategoryCosts+CoreDataClass.swift in Sources */ = {isa = PBXBuildFile; fileRef = 05E6B53627AD5BFC00AB6A9D /* CategoryCosts+CoreDataClass.swift */; };
		05E6B54627AD5BFC00AB6A9D /* CategoryCosts+CoreDataProperties.swift in Sources */ = {isa = PBXBuildFile; fileRef = 05E6B53727AD5BFC00AB6A9D /* CategoryCosts+CoreDataProperties.swift */; };
		05E6B54727AD5BFC00AB6A9D /* CategoryCosts+CoreDataProperties.swift in Sources */ = {isa = PBXBuildFile; fileRef = 05E6B53727AD5BFC00AB6A9D /* CategoryCosts+CoreDataProperties.swift */; };
		05E6B54927AD636000AB6A9D /* TransactionCallView.swift in Sources */ = {isa = PBXBuildFile; fileRef = 05E6B54827AD636000AB6A9D /* TransactionCallView.swift */; };
		05E6B54A27AD636000AB6A9D /* TransactionCallView.swift in Sources */ = {isa = PBXBuildFile; fileRef = 05E6B54827AD636000AB6A9D /* TransactionCallView.swift */; };
		05FC501027A6DD6600708D3C /* AccountViewModel.swift in Sources */ = {isa = PBXBuildFile; fileRef = 05FC500F27A6DD6600708D3C /* AccountViewModel.swift */; };
		05FC501127A6DD6600708D3C /* AccountViewModel.swift in Sources */ = {isa = PBXBuildFile; fileRef = 05FC500F27A6DD6600708D3C /* AccountViewModel.swift */; };
		05FC502B27A8188B00708D3C /* NewTransactionView.swift in Sources */ = {isa = PBXBuildFile; fileRef = 05FC502A27A8188B00708D3C /* NewTransactionView.swift */; };
/* End PBXBuildFile section */

/* Begin PBXFileReference section */
		052312D6279AD718003CFB9E /* MoneyOK-iOS.app */ = {isa = PBXFileReference; explicitFileType = wrapper.application; includeInIndex = 0; path = "MoneyOK-iOS.app"; sourceTree = BUILT_PRODUCTS_DIR; };
		052312D9279AD718003CFB9E /* MoneyOK_iOSApp.swift */ = {isa = PBXFileReference; lastKnownFileType = sourcecode.swift; path = MoneyOK_iOSApp.swift; sourceTree = "<group>"; };
		052312DB279AD718003CFB9E /* ContentView.swift */ = {isa = PBXFileReference; lastKnownFileType = sourcecode.swift; path = ContentView.swift; sourceTree = "<group>"; };
		052312DD279AD719003CFB9E /* Assets.xcassets */ = {isa = PBXFileReference; lastKnownFileType = folder.assetcatalog; path = Assets.xcassets; sourceTree = "<group>"; };
		052312E0279AD719003CFB9E /* Preview Assets.xcassets */ = {isa = PBXFileReference; lastKnownFileType = folder.assetcatalog; path = "Preview Assets.xcassets"; sourceTree = "<group>"; };
		052312E9279AD732003CFB9E /* MoneyOK-macOS.app */ = {isa = PBXFileReference; explicitFileType = wrapper.application; includeInIndex = 0; path = "MoneyOK-macOS.app"; sourceTree = BUILT_PRODUCTS_DIR; };
		052312EB279AD732003CFB9E /* MoneyOK_macOSApp.swift */ = {isa = PBXFileReference; lastKnownFileType = sourcecode.swift; path = MoneyOK_macOSApp.swift; sourceTree = "<group>"; };
		052312ED279AD732003CFB9E /* ContentView.swift */ = {isa = PBXFileReference; lastKnownFileType = sourcecode.swift; path = ContentView.swift; sourceTree = "<group>"; };
		052312EF279AD733003CFB9E /* Assets.xcassets */ = {isa = PBXFileReference; lastKnownFileType = folder.assetcatalog; path = Assets.xcassets; sourceTree = "<group>"; };
		052312F2279AD733003CFB9E /* Preview Assets.xcassets */ = {isa = PBXFileReference; lastKnownFileType = folder.assetcatalog; path = "Preview Assets.xcassets"; sourceTree = "<group>"; };
		052312F4279AD733003CFB9E /* MoneyOK_macOS.entitlements */ = {isa = PBXFileReference; lastKnownFileType = text.plist.entitlements; path = MoneyOK_macOS.entitlements; sourceTree = "<group>"; };
		052312FC279AD7AE003CFB9E /* Preview Assets.xcassets */ = {isa = PBXFileReference; lastKnownFileType = folder.assetcatalog; path = "Preview Assets.xcassets"; sourceTree = "<group>"; };
		052312FF279AE05D003CFB9E /* SettingsView.swift */ = {isa = PBXFileReference; lastKnownFileType = sourcecode.swift; path = SettingsView.swift; sourceTree = "<group>"; };
		05231302279AE2F0003CFB9E /* AccountsListView.swift */ = {isa = PBXFileReference; lastKnownFileType = sourcecode.swift; path = AccountsListView.swift; sourceTree = "<group>"; };
		05231305279AE3A3003CFB9E /* SidebarView.swift */ = {isa = PBXFileReference; lastKnownFileType = sourcecode.swift; path = SidebarView.swift; sourceTree = "<group>"; };
		0523130B279B0881003CFB9E /* AccountCallView.swift */ = {isa = PBXFileReference; lastKnownFileType = sourcecode.swift; path = AccountCallView.swift; sourceTree = "<group>"; };
		0534A21A27A8293000929BC7 /* PanelView.swift */ = {isa = PBXFileReference; lastKnownFileType = sourcecode.swift; path = PanelView.swift; sourceTree = "<group>"; };
		0534A21E27AABB9100929BC7 /* AccountsListShowView.swift */ = {isa = PBXFileReference; lastKnownFileType = sourcecode.swift; path = AccountsListShowView.swift; sourceTree = "<group>"; };
		0549FA1A27AC1C2A0086506A /* TransactionListView.swift */ = {isa = PBXFileReference; lastKnownFileType = sourcecode.swift; path = TransactionListView.swift; sourceTree = "<group>"; };
		0549FA1C27AC1CA30086506A /* TransactionViewModel.swift */ = {isa = PBXFileReference; lastKnownFileType = sourcecode.swift; path = TransactionViewModel.swift; sourceTree = "<group>"; };
		054F0380279EDBC500F7271A /* Database.xcdatamodel */ = {isa = PBXFileReference; lastKnownFileType = wrapper.xcdatamodel; path = Database.xcdatamodel; sourceTree = "<group>"; };
		054F0383279EE91900F7271A /* PersistenceController.swift */ = {isa = PBXFileReference; lastKnownFileType = sourcecode.swift; path = PersistenceController.swift; sourceTree = "<group>"; };
		054F03AC27A005D100F7271A /* ColorSwatchView.swift */ = {isa = PBXFileReference; lastKnownFileType = sourcecode.swift; path = ColorSwatchView.swift; sourceTree = "<group>"; };
		054F03B327A012A600F7271A /* SFSymbolsPicker.swift */ = {isa = PBXFileReference; fileEncoding = 4; lastKnownFileType = sourcecode.swift; path = SFSymbolsPicker.swift; sourceTree = "<group>"; };
		054F03B427A012A600F7271A /* Symbols.swift */ = {isa = PBXFileReference; fileEncoding = 4; lastKnownFileType = sourcecode.swift; path = Symbols.swift; sourceTree = "<group>"; };
		054F03B527A012A600F7271A /* UsageExample.swift */ = {isa = PBXFileReference; fileEncoding = 4; lastKnownFileType = sourcecode.swift; path = UsageExample.swift; sourceTree = "<group>"; };
		054F03BC27A023D100F7271A /* KeyboardListener.swift */ = {isa = PBXFileReference; lastKnownFileType = sourcecode.swift; path = KeyboardListener.swift; sourceTree = "<group>"; };
		0577CCBF27A04B9D001D4724 /* NewAccountView.swift */ = {isa = PBXFileReference; fileEncoding = 4; lastKnownFileType = sourcecode.swift; path = NewAccountView.swift; sourceTree = "<group>"; };
		0590BC2B27AC0D0900DB75E7 /* ImagePicker.swift */ = {isa = PBXFileReference; lastKnownFileType = sourcecode.swift; path = ImagePicker.swift; sourceTree = "<group>"; };
		05E6B53027AD5BFC00AB6A9D /* Transaction+CoreDataClass.swift */ = {isa = PBXFileReference; lastKnownFileType = sourcecode.swift; path = "Transaction+CoreDataClass.swift"; sourceTree = "<group>"; };
		05E6B53127AD5BFC00AB6A9D /* Transaction+CoreDataProperties.swift */ = {isa = PBXFileReference; lastKnownFileType = sourcecode.swift; path = "Transaction+CoreDataProperties.swift"; sourceTree = "<group>"; };
		05E6B53227AD5BFC00AB6A9D /* CategoryIncome+CoreDataClass.swift */ = {isa = PBXFileReference; lastKnownFileType = sourcecode.swift; path = "CategoryIncome+CoreDataClass.swift"; sourceTree = "<group>"; };
		05E6B53327AD5BFC00AB6A9D /* CategoryIncome+CoreDataProperties.swift */ = {isa = PBXFileReference; lastKnownFileType = sourcecode.swift; path = "CategoryIncome+CoreDataProperties.swift"; sourceTree = "<group>"; };
		05E6B53427AD5BFC00AB6A9D /* AccountEntity+CoreDataClass.swift */ = {isa = PBXFileReference; lastKnownFileType = sourcecode.swift; path = "AccountEntity+CoreDataClass.swift"; sourceTree = "<group>"; };
		05E6B53527AD5BFC00AB6A9D /* AccountEntity+CoreDataProperties.swift */ = {isa = PBXFileReference; lastKnownFileType = sourcecode.swift; path = "AccountEntity+CoreDataProperties.swift"; sourceTree = "<group>"; };
		05E6B53627AD5BFC00AB6A9D /* CategoryCosts+CoreDataClass.swift */ = {isa = PBXFileReference; lastKnownFileType = sourcecode.swift; path = "CategoryCosts+CoreDataClass.swift"; sourceTree = "<group>"; };
		05E6B53727AD5BFC00AB6A9D /* CategoryCosts+CoreDataProperties.swift */ = {isa = PBXFileReference; lastKnownFileType = sourcecode.swift; path = "CategoryCosts+CoreDataProperties.swift"; sourceTree = "<group>"; };
		05E6B54827AD636000AB6A9D /* TransactionCallView.swift */ = {isa = PBXFileReference; lastKnownFileType = sourcecode.swift; path = TransactionCallView.swift; sourceTree = "<group>"; };
		05FC500F27A6DD6600708D3C /* AccountViewModel.swift */ = {isa = PBXFileReference; lastKnownFileType = sourcecode.swift; path = AccountViewModel.swift; sourceTree = "<group>"; };
		05FC502A27A8188B00708D3C /* NewTransactionView.swift */ = {isa = PBXFileReference; lastKnownFileType = sourcecode.swift; path = NewTransactionView.swift; sourceTree = "<group>"; };
/* End PBXFileReference section */

/* Begin PBXFrameworksBuildPhase section */
		052312D3279AD718003CFB9E /* Frameworks */ = {
			isa = PBXFrameworksBuildPhase;
			buildActionMask = 2147483647;
			files = (
			);
			runOnlyForDeploymentPostprocessing = 0;
		};
		052312E6279AD732003CFB9E /* Frameworks */ = {
			isa = PBXFrameworksBuildPhase;
			buildActionMask = 2147483647;
			files = (
			);
			runOnlyForDeploymentPostprocessing = 0;
		};
/* End PBXFrameworksBuildPhase section */

/* Begin PBXGroup section */
		052312CB279AD6E7003CFB9E = {
			isa = PBXGroup;
			children = (
				05E6B53027AD5BFC00AB6A9D /* Transaction+CoreDataClass.swift */,
				05E6B53127AD5BFC00AB6A9D /* Transaction+CoreDataProperties.swift */,
				05E6B53227AD5BFC00AB6A9D /* CategoryIncome+CoreDataClass.swift */,
				05E6B53327AD5BFC00AB6A9D /* CategoryIncome+CoreDataProperties.swift */,
				05E6B53427AD5BFC00AB6A9D /* AccountEntity+CoreDataClass.swift */,
				05E6B53527AD5BFC00AB6A9D /* AccountEntity+CoreDataProperties.swift */,
				05E6B53627AD5BFC00AB6A9D /* CategoryCosts+CoreDataClass.swift */,
				05E6B53727AD5BFC00AB6A9D /* CategoryCosts+CoreDataProperties.swift */,
				052312F8279AD73E003CFB9E /* Shared */,
				052312D8279AD718003CFB9E /* MoneyOK-iOS */,
				052312EA279AD732003CFB9E /* MoneyOK-macOS */,
				052312D7279AD718003CFB9E /* Products */,
			);
			sourceTree = "<group>";
		};
		052312D7279AD718003CFB9E /* Products */ = {
			isa = PBXGroup;
			children = (
				052312D6279AD718003CFB9E /* MoneyOK-iOS.app */,
				052312E9279AD732003CFB9E /* MoneyOK-macOS.app */,
			);
			name = Products;
			sourceTree = "<group>";
		};
		052312D8279AD718003CFB9E /* MoneyOK-iOS */ = {
			isa = PBXGroup;
			children = (
				0549FA1427AC1AEC0086506A /* Representable */,
				054F0392279F3B6700F7271A /* View */,
				052312D9279AD718003CFB9E /* MoneyOK_iOSApp.swift */,
				052312DD279AD719003CFB9E /* Assets.xcassets */,
				052312DF279AD719003CFB9E /* Preview Content */,
				054F03BC27A023D100F7271A /* KeyboardListener.swift */,
			);
			path = "MoneyOK-iOS";
			sourceTree = "<group>";
		};
		052312DF279AD719003CFB9E /* Preview Content */ = {
			isa = PBXGroup;
			children = (
				052312E0279AD719003CFB9E /* Preview Assets.xcassets */,
			);
			path = "Preview Content";
			sourceTree = "<group>";
		};
		052312EA279AD732003CFB9E /* MoneyOK-macOS */ = {
			isa = PBXGroup;
			children = (
				052312EB279AD732003CFB9E /* MoneyOK_macOSApp.swift */,
				052312ED279AD732003CFB9E /* ContentView.swift */,
				052312EF279AD733003CFB9E /* Assets.xcassets */,
				052312F4279AD733003CFB9E /* MoneyOK_macOS.entitlements */,
				052312F1279AD733003CFB9E /* Preview Content */,
			);
			path = "MoneyOK-macOS";
			sourceTree = "<group>";
		};
		052312F1279AD733003CFB9E /* Preview Content */ = {
			isa = PBXGroup;
			children = (
				052312F2279AD733003CFB9E /* Preview Assets.xcassets */,
			);
			path = "Preview Content";
			sourceTree = "<group>";
		};
		052312F8279AD73E003CFB9E /* Shared */ = {
			isa = PBXGroup;
			children = (
				054F03B227A0125E00F7271A /* SFSymbolsPicker */,
				054F0383279EE91900F7271A /* PersistenceController.swift */,
				052312FA279AD770003CFB9E /* Models */,
				052312F9279AD765003CFB9E /* Views */,
				05D9468C27A2C47800C4068E /* ViewModel */,
				052312FB279AD785003CFB9E /* Preview Content */,
				054F037F279EDBC500F7271A /* Database.xcdatamodeld */,
			);
			path = Shared;
			sourceTree = "<group>";
		};
		052312F9279AD765003CFB9E /* Views */ = {
			isa = PBXGroup;
			children = (
				0549FA1327AC1A7B0086506A /* Accounts */,
				0549FA1927AC1C000086506A /* Transactions */,
				0549FA1227AC1A5F0086506A /* Settings */,
				05231305279AE3A3003CFB9E /* SidebarView.swift */,
				054F03AC27A005D100F7271A /* ColorSwatchView.swift */,
			);
			path = Views;
			sourceTree = "<group>";
		};
		052312FA279AD770003CFB9E /* Models */ = {
			isa = PBXGroup;
			children = (
			);
			path = Models;
			sourceTree = "<group>";
		};
		052312FB279AD785003CFB9E /* Preview Content */ = {
			isa = PBXGroup;
			children = (
				052312FC279AD7AE003CFB9E /* Preview Assets.xcassets */,
			);
			path = "Preview Content";
			sourceTree = "<group>";
		};
		0549FA1227AC1A5F0086506A /* Settings */ = {
			isa = PBXGroup;
			children = (
				0534A21E27AABB9100929BC7 /* AccountsListShowView.swift */,
			);
			path = Settings;
			sourceTree = "<group>";
		};
		0549FA1327AC1A7B0086506A /* Accounts */ = {
			isa = PBXGroup;
			children = (
				05231302279AE2F0003CFB9E /* AccountsListView.swift */,
				0523130B279B0881003CFB9E /* AccountCallView.swift */,
			);
			path = Accounts;
			sourceTree = "<group>";
		};
		0549FA1427AC1AEC0086506A /* Representable */ = {
			isa = PBXGroup;
			children = (
				0590BC2B27AC0D0900DB75E7 /* ImagePicker.swift */,
			);
			path = Representable;
			sourceTree = "<group>";
		};
		0549FA1527AC1AFF0086506A /* Custom */ = {
			isa = PBXGroup;
			children = (
				0534A21A27A8293000929BC7 /* PanelView.swift */,
			);
			path = Custom;
			sourceTree = "<group>";
		};
		0549FA1627AC1B0C0086506A /* Accounts */ = {
			isa = PBXGroup;
			children = (
				0577CCBF27A04B9D001D4724 /* NewAccountView.swift */,
			);
			path = Accounts;
			sourceTree = "<group>";
		};
		0549FA1727AC1B1F0086506A /* Settings */ = {
			isa = PBXGroup;
			children = (
				052312FF279AE05D003CFB9E /* SettingsView.swift */,
			);
			path = Settings;
			sourceTree = "<group>";
		};
		0549FA1927AC1C000086506A /* Transactions */ = {
			isa = PBXGroup;
			children = (
				0549FA1A27AC1C2A0086506A /* TransactionListView.swift */,
				05E6B54827AD636000AB6A9D /* TransactionCallView.swift */,
			);
			path = Transactions;
			sourceTree = "<group>";
		};
		054F0392279F3B6700F7271A /* View */ = {
			isa = PBXGroup;
			children = (
				052312DB279AD718003CFB9E /* ContentView.swift */,
				0549FA1627AC1B0C0086506A /* Accounts */,
				0549FA1727AC1B1F0086506A /* Settings */,
				0549FA1527AC1AFF0086506A /* Custom */,
				05FC502A27A8188B00708D3C /* NewTransactionView.swift */,
			);
			path = View;
			sourceTree = "<group>";
		};
		054F03B227A0125E00F7271A /* SFSymbolsPicker */ = {
			isa = PBXGroup;
			children = (
				054F03B327A012A600F7271A /* SFSymbolsPicker.swift */,
				054F03B427A012A600F7271A /* Symbols.swift */,
				054F03B527A012A600F7271A /* UsageExample.swift */,
			);
			path = SFSymbolsPicker;
			sourceTree = "<group>";
		};
		05D9468C27A2C47800C4068E /* ViewModel */ = {
			isa = PBXGroup;
			children = (
				05FC500F27A6DD6600708D3C /* AccountViewModel.swift */,
				0549FA1C27AC1CA30086506A /* TransactionViewModel.swift */,
			);
			path = ViewModel;
			sourceTree = "<group>";
		};
/* End PBXGroup section */

/* Begin PBXNativeTarget section */
		052312D5279AD718003CFB9E /* MoneyOK-iOS */ = {
			isa = PBXNativeTarget;
			buildConfigurationList = 052312E2279AD719003CFB9E /* Build configuration list for PBXNativeTarget "MoneyOK-iOS" */;
			buildPhases = (
				052312D2279AD718003CFB9E /* Sources */,
				052312D3279AD718003CFB9E /* Frameworks */,
				052312D4279AD718003CFB9E /* Resources */,
			);
			buildRules = (
			);
			dependencies = (
			);
			name = "MoneyOK-iOS";
			packageProductDependencies = (
			);
			productName = "MoneyOK-iOS";
			productReference = 052312D6279AD718003CFB9E /* MoneyOK-iOS.app */;
			productType = "com.apple.product-type.application";
		};
		052312E8279AD732003CFB9E /* MoneyOK-macOS */ = {
			isa = PBXNativeTarget;
			buildConfigurationList = 052312F5279AD733003CFB9E /* Build configuration list for PBXNativeTarget "MoneyOK-macOS" */;
			buildPhases = (
				052312E5279AD732003CFB9E /* Sources */,
				052312E6279AD732003CFB9E /* Frameworks */,
				052312E7279AD732003CFB9E /* Resources */,
			);
			buildRules = (
			);
			dependencies = (
			);
			name = "MoneyOK-macOS";
			productName = "MoneyOK-macOS";
			productReference = 052312E9279AD732003CFB9E /* MoneyOK-macOS.app */;
			productType = "com.apple.product-type.application";
		};
/* End PBXNativeTarget section */

/* Begin PBXProject section */
		052312CC279AD6E7003CFB9E /* Project object */ = {
			isa = PBXProject;
			attributes = {
				BuildIndependentTargetsInParallel = 1;
				LastSwiftUpdateCheck = 1320;
				LastUpgradeCheck = 1320;
				TargetAttributes = {
					052312D5279AD718003CFB9E = {
						CreatedOnToolsVersion = 13.2.1;
					};
					052312E8279AD732003CFB9E = {
						CreatedOnToolsVersion = 13.2.1;
					};
				};
			};
			buildConfigurationList = 052312CF279AD6E7003CFB9E /* Build configuration list for PBXProject "MoneyOK" */;
			compatibilityVersion = "Xcode 13.0";
			developmentRegion = en;
			hasScannedForEncodings = 0;
			knownRegions = (
				en,
				Base,
			);
			mainGroup = 052312CB279AD6E7003CFB9E;
			packageReferences = (
			);
			productRefGroup = 052312D7279AD718003CFB9E /* Products */;
			projectDirPath = "";
			projectRoot = "";
			targets = (
				052312D5279AD718003CFB9E /* MoneyOK-iOS */,
				052312E8279AD732003CFB9E /* MoneyOK-macOS */,
			);
		};
/* End PBXProject section */

/* Begin PBXResourcesBuildPhase section */
		052312D4279AD718003CFB9E /* Resources */ = {
			isa = PBXResourcesBuildPhase;
			buildActionMask = 2147483647;
			files = (
				052312E1279AD719003CFB9E /* Preview Assets.xcassets in Resources */,
				052312FD279AD7AE003CFB9E /* Preview Assets.xcassets in Resources */,
				052312DE279AD719003CFB9E /* Assets.xcassets in Resources */,
			);
			runOnlyForDeploymentPostprocessing = 0;
		};
		052312E7279AD732003CFB9E /* Resources */ = {
			isa = PBXResourcesBuildPhase;
			buildActionMask = 2147483647;
			files = (
				052312F3279AD733003CFB9E /* Preview Assets.xcassets in Resources */,
				052312FE279AD7AE003CFB9E /* Preview Assets.xcassets in Resources */,
				052312F0279AD733003CFB9E /* Assets.xcassets in Resources */,
			);
			runOnlyForDeploymentPostprocessing = 0;
		};
/* End PBXResourcesBuildPhase section */

/* Begin PBXSourcesBuildPhase section */
		052312D2279AD718003CFB9E /* Sources */ = {
			isa = PBXSourcesBuildPhase;
			buildActionMask = 2147483647;
			files = (
				05E6B54027AD5BFC00AB6A9D /* AccountEntity+CoreDataClass.swift in Sources */,
				05231303279AE2F1003CFB9E /* AccountsListView.swift in Sources */,
				0549FA1D27AC1CA30086506A /* TransactionViewModel.swift in Sources */,
				05E6B53827AD5BFC00AB6A9D /* Transaction+CoreDataClass.swift in Sources */,
				0590BC2C27AC0D0A00DB75E7 /* ImagePicker.swift in Sources */,
				054F03BA27A012A600F7271A /* UsageExample.swift in Sources */,
				0549FA1B27AC1C2A0086506A /* TransactionListView.swift in Sources */,
				05E6B53E27AD5BFC00AB6A9D /* CategoryIncome+CoreDataProperties.swift in Sources */,
				05231300279AE05D003CFB9E /* SettingsView.swift in Sources */,
				054F03B827A012A600F7271A /* Symbols.swift in Sources */,
				0577CCC027A04B9D001D4724 /* NewAccountView.swift in Sources */,
				054F03BD27A023D100F7271A /* KeyboardListener.swift in Sources */,
				05E6B53C27AD5BFC00AB6A9D /* CategoryIncome+CoreDataClass.swift in Sources */,
				054F0381279EDBC500F7271A /* Database.xcdatamodeld in Sources */,
				05231306279AE3A3003CFB9E /* SidebarView.swift in Sources */,
				05FC502B27A8188B00708D3C /* NewTransactionView.swift in Sources */,
				0523130C279B0882003CFB9E /* AccountCallView.swift in Sources */,
				05E6B54627AD5BFC00AB6A9D /* CategoryCosts+CoreDataProperties.swift in Sources */,
				0534A21F27AABB9100929BC7 /* AccountsListShowView.swift in Sources */,
				05E6B54427AD5BFC00AB6A9D /* CategoryCosts+CoreDataClass.swift in Sources */,
				05E6B54227AD5BFC00AB6A9D /* AccountEntity+CoreDataProperties.swift in Sources */,
				052312DC279AD718003CFB9E /* ContentView.swift in Sources */,
				052312DA279AD718003CFB9E /* MoneyOK_iOSApp.swift in Sources */,
				05FC501027A6DD6600708D3C /* AccountViewModel.swift in Sources */,
				0534A21B27A8293000929BC7 /* PanelView.swift in Sources */,
				054F03B627A012A600F7271A /* SFSymbolsPicker.swift in Sources */,
				05E6B53A27AD5BFC00AB6A9D /* Transaction+CoreDataProperties.swift in Sources */,
				05E6B54927AD636000AB6A9D /* TransactionCallView.swift in Sources */,
				054F03AD27A005D100F7271A /* ColorSwatchView.swift in Sources */,
				054F0384279EE91900F7271A /* PersistenceController.swift in Sources */,
			);
			runOnlyForDeploymentPostprocessing = 0;
		};
		052312E5279AD732003CFB9E /* Sources */ = {
			isa = PBXSourcesBuildPhase;
			buildActionMask = 2147483647;
			files = (
				05E6B54327AD5BFC00AB6A9D /* AccountEntity+CoreDataProperties.swift in Sources */,
				054F03B727A012A600F7271A /* SFSymbolsPicker.swift in Sources */,
				05231304279AE2F1003CFB9E /* AccountsListView.swift in Sources */,
				05E6B54127AD5BFC00AB6A9D /* AccountEntity+CoreDataClass.swift in Sources */,
				0534A22027AABB9100929BC7 /* AccountsListShowView.swift in Sources */,
				054F03AE27A005D100F7271A /* ColorSwatchView.swift in Sources */,
				054F03B927A012A600F7271A /* Symbols.swift in Sources */,
				05E6B54A27AD636000AB6A9D /* TransactionCallView.swift in Sources */,
				05E6B53D27AD5BFC00AB6A9D /* CategoryIncome+CoreDataClass.swift in Sources */,
				05E6B53F27AD5BFC00AB6A9D /* CategoryIncome+CoreDataProperties.swift in Sources */,
				0534A21927A8216900929BC7 /* NewAccountView.swift in Sources */,
				05E6B53927AD5BFC00AB6A9D /* Transaction+CoreDataClass.swift in Sources */,
				054F0382279EDBC500F7271A /* Database.xcdatamodeld in Sources */,
				05FC501127A6DD6600708D3C /* AccountViewModel.swift in Sources */,
				05231307279AE3A3003CFB9E /* SidebarView.swift in Sources */,
				05E6B54727AD5BFC00AB6A9D /* CategoryCosts+CoreDataProperties.swift in Sources */,
				054F03BB27A012A600F7271A /* UsageExample.swift in Sources */,
				0523130D279B0882003CFB9E /* AccountCallView.swift in Sources */,
				052312EE279AD732003CFB9E /* ContentView.swift in Sources */,
				052312EC279AD732003CFB9E /* MoneyOK_macOSApp.swift in Sources */,
				05E6B54527AD5BFC00AB6A9D /* CategoryCosts+CoreDataClass.swift in Sources */,
				05E6B53B27AD5BFC00AB6A9D /* Transaction+CoreDataProperties.swift in Sources */,
				054F03BE27A023D100F7271A /* KeyboardListener.swift in Sources */,
				054F0385279EE91900F7271A /* PersistenceController.swift in Sources */,
				0549FA1E27AC1CA30086506A /* TransactionViewModel.swift in Sources */,
			);
			runOnlyForDeploymentPostprocessing = 0;
		};
/* End PBXSourcesBuildPhase section */

/* Begin XCBuildConfiguration section */
		052312D0279AD6E7003CFB9E /* Debug */ = {
			isa = XCBuildConfiguration;
			buildSettings = {
			};
			name = Debug;
		};
		052312D1279AD6E7003CFB9E /* Release */ = {
			isa = XCBuildConfiguration;
			buildSettings = {
			};
			name = Release;
		};
		052312E3279AD719003CFB9E /* Debug */ = {
			isa = XCBuildConfiguration;
			buildSettings = {
				ALWAYS_SEARCH_USER_PATHS = NO;
				ASSETCATALOG_COMPILER_APPICON_NAME = AppIcon;
				ASSETCATALOG_COMPILER_GLOBAL_ACCENT_COLOR_NAME = AccentColor;
				CLANG_ANALYZER_NONNULL = YES;
				CLANG_ANALYZER_NUMBER_OBJECT_CONVERSION = YES_AGGRESSIVE;
				CLANG_CXX_LANGUAGE_STANDARD = "gnu++17";
				CLANG_CXX_LIBRARY = "libc++";
				CLANG_ENABLE_MODULES = YES;
				CLANG_ENABLE_OBJC_ARC = YES;
				CLANG_ENABLE_OBJC_WEAK = YES;
				CLANG_WARN_BLOCK_CAPTURE_AUTORELEASING = YES;
				CLANG_WARN_BOOL_CONVERSION = YES;
				CLANG_WARN_COMMA = YES;
				CLANG_WARN_CONSTANT_CONVERSION = YES;
				CLANG_WARN_DEPRECATED_OBJC_IMPLEMENTATIONS = YES;
				CLANG_WARN_DIRECT_OBJC_ISA_USAGE = YES_ERROR;
				CLANG_WARN_DOCUMENTATION_COMMENTS = YES;
				CLANG_WARN_EMPTY_BODY = YES;
				CLANG_WARN_ENUM_CONVERSION = YES;
				CLANG_WARN_INFINITE_RECURSION = YES;
				CLANG_WARN_INT_CONVERSION = YES;
				CLANG_WARN_NON_LITERAL_NULL_CONVERSION = YES;
				CLANG_WARN_OBJC_IMPLICIT_RETAIN_SELF = YES;
				CLANG_WARN_OBJC_LITERAL_CONVERSION = YES;
				CLANG_WARN_OBJC_ROOT_CLASS = YES_ERROR;
				CLANG_WARN_QUOTED_INCLUDE_IN_FRAMEWORK_HEADER = YES;
				CLANG_WARN_RANGE_LOOP_ANALYSIS = YES;
				CLANG_WARN_STRICT_PROTOTYPES = YES;
				CLANG_WARN_SUSPICIOUS_MOVE = YES;
				CLANG_WARN_UNGUARDED_AVAILABILITY = YES_AGGRESSIVE;
				CLANG_WARN_UNREACHABLE_CODE = YES;
				CLANG_WARN__DUPLICATE_METHOD_MATCH = YES;
				CODE_SIGN_STYLE = Automatic;
				COPY_PHASE_STRIP = NO;
				CURRENT_PROJECT_VERSION = 1;
				DEBUG_INFORMATION_FORMAT = dwarf;
				DEVELOPMENT_ASSET_PATHS = "\"MoneyOK-iOS/Preview Content\"";
				DEVELOPMENT_TEAM = U6LJ73DDJU;
				ENABLE_PREVIEWS = YES;
				ENABLE_STRICT_OBJC_MSGSEND = YES;
				ENABLE_TESTABILITY = YES;
				GCC_C_LANGUAGE_STANDARD = gnu11;
				GCC_DYNAMIC_NO_PIC = NO;
				GCC_NO_COMMON_BLOCKS = YES;
				GCC_OPTIMIZATION_LEVEL = 0;
				GCC_PREPROCESSOR_DEFINITIONS = (
					"DEBUG=1",
					"$(inherited)",
				);
				GCC_WARN_64_TO_32_BIT_CONVERSION = YES;
				GCC_WARN_ABOUT_RETURN_TYPE = YES_ERROR;
				GCC_WARN_UNDECLARED_SELECTOR = YES;
				GCC_WARN_UNINITIALIZED_AUTOS = YES_AGGRESSIVE;
				GCC_WARN_UNUSED_FUNCTION = YES;
				GCC_WARN_UNUSED_VARIABLE = YES;
				GENERATE_INFOPLIST_FILE = YES;
				INFOPLIST_KEY_UIApplicationSceneManifest_Generation = YES;
				INFOPLIST_KEY_UIApplicationSupportsIndirectInputEvents = YES;
				INFOPLIST_KEY_UILaunchScreen_Generation = YES;
				INFOPLIST_KEY_UISupportedInterfaceOrientations_iPad = "UIInterfaceOrientationPortrait UIInterfaceOrientationPortraitUpsideDown UIInterfaceOrientationLandscapeLeft UIInterfaceOrientationLandscapeRight";
				INFOPLIST_KEY_UISupportedInterfaceOrientations_iPhone = "UIInterfaceOrientationPortrait UIInterfaceOrientationLandscapeLeft UIInterfaceOrientationLandscapeRight";
				IPHONEOS_DEPLOYMENT_TARGET = 15.2;
				LD_RUNPATH_SEARCH_PATHS = (
					"$(inherited)",
					"@executable_path/Frameworks",
				);
				MARKETING_VERSION = 1.0;
				MTL_ENABLE_DEBUG_INFO = INCLUDE_SOURCE;
				MTL_FAST_MATH = YES;
				ONLY_ACTIVE_ARCH = YES;
				PRODUCT_BUNDLE_IDENTIFIER = "com.sherstyuk.MoneyOK-iOS";
				PRODUCT_NAME = "$(TARGET_NAME)";
				SDKROOT = iphoneos;
				SWIFT_ACTIVE_COMPILATION_CONDITIONS = DEBUG;
				SWIFT_EMIT_LOC_STRINGS = YES;
				SWIFT_OPTIMIZATION_LEVEL = "-Onone";
				SWIFT_VERSION = 5.0;
				TARGETED_DEVICE_FAMILY = "1,2";
			};
			name = Debug;
		};
		052312E4279AD719003CFB9E /* Release */ = {
			isa = XCBuildConfiguration;
			buildSettings = {
				ALWAYS_SEARCH_USER_PATHS = NO;
				ASSETCATALOG_COMPILER_APPICON_NAME = AppIcon;
				ASSETCATALOG_COMPILER_GLOBAL_ACCENT_COLOR_NAME = AccentColor;
				CLANG_ANALYZER_NONNULL = YES;
				CLANG_ANALYZER_NUMBER_OBJECT_CONVERSION = YES_AGGRESSIVE;
				CLANG_CXX_LANGUAGE_STANDARD = "gnu++17";
				CLANG_CXX_LIBRARY = "libc++";
				CLANG_ENABLE_MODULES = YES;
				CLANG_ENABLE_OBJC_ARC = YES;
				CLANG_ENABLE_OBJC_WEAK = YES;
				CLANG_WARN_BLOCK_CAPTURE_AUTORELEASING = YES;
				CLANG_WARN_BOOL_CONVERSION = YES;
				CLANG_WARN_COMMA = YES;
				CLANG_WARN_CONSTANT_CONVERSION = YES;
				CLANG_WARN_DEPRECATED_OBJC_IMPLEMENTATIONS = YES;
				CLANG_WARN_DIRECT_OBJC_ISA_USAGE = YES_ERROR;
				CLANG_WARN_DOCUMENTATION_COMMENTS = YES;
				CLANG_WARN_EMPTY_BODY = YES;
				CLANG_WARN_ENUM_CONVERSION = YES;
				CLANG_WARN_INFINITE_RECURSION = YES;
				CLANG_WARN_INT_CONVERSION = YES;
				CLANG_WARN_NON_LITERAL_NULL_CONVERSION = YES;
				CLANG_WARN_OBJC_IMPLICIT_RETAIN_SELF = YES;
				CLANG_WARN_OBJC_LITERAL_CONVERSION = YES;
				CLANG_WARN_OBJC_ROOT_CLASS = YES_ERROR;
				CLANG_WARN_QUOTED_INCLUDE_IN_FRAMEWORK_HEADER = YES;
				CLANG_WARN_RANGE_LOOP_ANALYSIS = YES;
				CLANG_WARN_STRICT_PROTOTYPES = YES;
				CLANG_WARN_SUSPICIOUS_MOVE = YES;
				CLANG_WARN_UNGUARDED_AVAILABILITY = YES_AGGRESSIVE;
				CLANG_WARN_UNREACHABLE_CODE = YES;
				CLANG_WARN__DUPLICATE_METHOD_MATCH = YES;
				CODE_SIGN_STYLE = Automatic;
				COPY_PHASE_STRIP = NO;
				CURRENT_PROJECT_VERSION = 1;
				DEBUG_INFORMATION_FORMAT = "dwarf-with-dsym";
				DEVELOPMENT_ASSET_PATHS = "\"MoneyOK-iOS/Preview Content\"";
				DEVELOPMENT_TEAM = U6LJ73DDJU;
				ENABLE_NS_ASSERTIONS = NO;
				ENABLE_PREVIEWS = YES;
				ENABLE_STRICT_OBJC_MSGSEND = YES;
				GCC_C_LANGUAGE_STANDARD = gnu11;
				GCC_NO_COMMON_BLOCKS = YES;
				GCC_WARN_64_TO_32_BIT_CONVERSION = YES;
				GCC_WARN_ABOUT_RETURN_TYPE = YES_ERROR;
				GCC_WARN_UNDECLARED_SELECTOR = YES;
				GCC_WARN_UNINITIALIZED_AUTOS = YES_AGGRESSIVE;
				GCC_WARN_UNUSED_FUNCTION = YES;
				GCC_WARN_UNUSED_VARIABLE = YES;
				GENERATE_INFOPLIST_FILE = YES;
				INFOPLIST_KEY_UIApplicationSceneManifest_Generation = YES;
				INFOPLIST_KEY_UIApplicationSupportsIndirectInputEvents = YES;
				INFOPLIST_KEY_UILaunchScreen_Generation = YES;
				INFOPLIST_KEY_UISupportedInterfaceOrientations_iPad = "UIInterfaceOrientationPortrait UIInterfaceOrientationPortraitUpsideDown UIInterfaceOrientationLandscapeLeft UIInterfaceOrientationLandscapeRight";
				INFOPLIST_KEY_UISupportedInterfaceOrientations_iPhone = "UIInterfaceOrientationPortrait UIInterfaceOrientationLandscapeLeft UIInterfaceOrientationLandscapeRight";
				IPHONEOS_DEPLOYMENT_TARGET = 15.2;
				LD_RUNPATH_SEARCH_PATHS = (
					"$(inherited)",
					"@executable_path/Frameworks",
				);
				MARKETING_VERSION = 1.0;
				MTL_ENABLE_DEBUG_INFO = NO;
				MTL_FAST_MATH = YES;
				PRODUCT_BUNDLE_IDENTIFIER = "com.sherstyuk.MoneyOK-iOS";
				PRODUCT_NAME = "$(TARGET_NAME)";
				SDKROOT = iphoneos;
				SWIFT_COMPILATION_MODE = wholemodule;
				SWIFT_EMIT_LOC_STRINGS = YES;
				SWIFT_OPTIMIZATION_LEVEL = "-O";
				SWIFT_VERSION = 5.0;
				TARGETED_DEVICE_FAMILY = "1,2";
				VALIDATE_PRODUCT = YES;
			};
			name = Release;
		};
		052312F6279AD733003CFB9E /* Debug */ = {
			isa = XCBuildConfiguration;
			buildSettings = {
				ALWAYS_SEARCH_USER_PATHS = NO;
				ASSETCATALOG_COMPILER_APPICON_NAME = AppIcon;
				ASSETCATALOG_COMPILER_GLOBAL_ACCENT_COLOR_NAME = AccentColor;
				CLANG_ANALYZER_NONNULL = YES;
				CLANG_ANALYZER_NUMBER_OBJECT_CONVERSION = YES_AGGRESSIVE;
				CLANG_CXX_LANGUAGE_STANDARD = "gnu++17";
				CLANG_CXX_LIBRARY = "libc++";
				CLANG_ENABLE_MODULES = YES;
				CLANG_ENABLE_OBJC_ARC = YES;
				CLANG_ENABLE_OBJC_WEAK = YES;
				CLANG_WARN_BLOCK_CAPTURE_AUTORELEASING = YES;
				CLANG_WARN_BOOL_CONVERSION = YES;
				CLANG_WARN_COMMA = YES;
				CLANG_WARN_CONSTANT_CONVERSION = YES;
				CLANG_WARN_DEPRECATED_OBJC_IMPLEMENTATIONS = YES;
				CLANG_WARN_DIRECT_OBJC_ISA_USAGE = YES_ERROR;
				CLANG_WARN_DOCUMENTATION_COMMENTS = YES;
				CLANG_WARN_EMPTY_BODY = YES;
				CLANG_WARN_ENUM_CONVERSION = YES;
				CLANG_WARN_INFINITE_RECURSION = YES;
				CLANG_WARN_INT_CONVERSION = YES;
				CLANG_WARN_NON_LITERAL_NULL_CONVERSION = YES;
				CLANG_WARN_OBJC_IMPLICIT_RETAIN_SELF = YES;
				CLANG_WARN_OBJC_LITERAL_CONVERSION = YES;
				CLANG_WARN_OBJC_ROOT_CLASS = YES_ERROR;
				CLANG_WARN_QUOTED_INCLUDE_IN_FRAMEWORK_HEADER = YES;
				CLANG_WARN_RANGE_LOOP_ANALYSIS = YES;
				CLANG_WARN_STRICT_PROTOTYPES = YES;
				CLANG_WARN_SUSPICIOUS_MOVE = YES;
				CLANG_WARN_UNGUARDED_AVAILABILITY = YES_AGGRESSIVE;
				CLANG_WARN_UNREACHABLE_CODE = YES;
				CLANG_WARN__DUPLICATE_METHOD_MATCH = YES;
				CODE_SIGN_ENTITLEMENTS = "MoneyOK-macOS/MoneyOK_macOS.entitlements";
				CODE_SIGN_STYLE = Automatic;
				COMBINE_HIDPI_IMAGES = YES;
				COPY_PHASE_STRIP = NO;
				CURRENT_PROJECT_VERSION = 1;
				DEBUG_INFORMATION_FORMAT = dwarf;
				DEVELOPMENT_ASSET_PATHS = "\"MoneyOK-macOS/Preview Content\"";
				DEVELOPMENT_TEAM = U6LJ73DDJU;
				ENABLE_HARDENED_RUNTIME = YES;
				ENABLE_PREVIEWS = YES;
				ENABLE_STRICT_OBJC_MSGSEND = YES;
				ENABLE_TESTABILITY = YES;
				GCC_C_LANGUAGE_STANDARD = gnu11;
				GCC_DYNAMIC_NO_PIC = NO;
				GCC_NO_COMMON_BLOCKS = YES;
				GCC_OPTIMIZATION_LEVEL = 0;
				GCC_PREPROCESSOR_DEFINITIONS = (
					"DEBUG=1",
					"$(inherited)",
				);
				GCC_WARN_64_TO_32_BIT_CONVERSION = YES;
				GCC_WARN_ABOUT_RETURN_TYPE = YES_ERROR;
				GCC_WARN_UNDECLARED_SELECTOR = YES;
				GCC_WARN_UNINITIALIZED_AUTOS = YES_AGGRESSIVE;
				GCC_WARN_UNUSED_FUNCTION = YES;
				GCC_WARN_UNUSED_VARIABLE = YES;
				GENERATE_INFOPLIST_FILE = YES;
				INFOPLIST_KEY_NSHumanReadableCopyright = "";
				LD_RUNPATH_SEARCH_PATHS = (
					"$(inherited)",
					"@executable_path/../Frameworks",
				);
				MACOSX_DEPLOYMENT_TARGET = 12.1;
				MARKETING_VERSION = 1.0;
				MTL_ENABLE_DEBUG_INFO = INCLUDE_SOURCE;
				MTL_FAST_MATH = YES;
				ONLY_ACTIVE_ARCH = YES;
				PRODUCT_BUNDLE_IDENTIFIER = "com.sherstyuk.MoneyOK-macOS";
				PRODUCT_NAME = "$(TARGET_NAME)";
				SDKROOT = macosx;
				SWIFT_ACTIVE_COMPILATION_CONDITIONS = DEBUG;
				SWIFT_EMIT_LOC_STRINGS = YES;
				SWIFT_OPTIMIZATION_LEVEL = "-Onone";
				SWIFT_VERSION = 5.0;
			};
			name = Debug;
		};
		052312F7279AD733003CFB9E /* Release */ = {
			isa = XCBuildConfiguration;
			buildSettings = {
				ALWAYS_SEARCH_USER_PATHS = NO;
				ASSETCATALOG_COMPILER_APPICON_NAME = AppIcon;
				ASSETCATALOG_COMPILER_GLOBAL_ACCENT_COLOR_NAME = AccentColor;
				CLANG_ANALYZER_NONNULL = YES;
				CLANG_ANALYZER_NUMBER_OBJECT_CONVERSION = YES_AGGRESSIVE;
				CLANG_CXX_LANGUAGE_STANDARD = "gnu++17";
				CLANG_CXX_LIBRARY = "libc++";
				CLANG_ENABLE_MODULES = YES;
				CLANG_ENABLE_OBJC_ARC = YES;
				CLANG_ENABLE_OBJC_WEAK = YES;
				CLANG_WARN_BLOCK_CAPTURE_AUTORELEASING = YES;
				CLANG_WARN_BOOL_CONVERSION = YES;
				CLANG_WARN_COMMA = YES;
				CLANG_WARN_CONSTANT_CONVERSION = YES;
				CLANG_WARN_DEPRECATED_OBJC_IMPLEMENTATIONS = YES;
				CLANG_WARN_DIRECT_OBJC_ISA_USAGE = YES_ERROR;
				CLANG_WARN_DOCUMENTATION_COMMENTS = YES;
				CLANG_WARN_EMPTY_BODY = YES;
				CLANG_WARN_ENUM_CONVERSION = YES;
				CLANG_WARN_INFINITE_RECURSION = YES;
				CLANG_WARN_INT_CONVERSION = YES;
				CLANG_WARN_NON_LITERAL_NULL_CONVERSION = YES;
				CLANG_WARN_OBJC_IMPLICIT_RETAIN_SELF = YES;
				CLANG_WARN_OBJC_LITERAL_CONVERSION = YES;
				CLANG_WARN_OBJC_ROOT_CLASS = YES_ERROR;
				CLANG_WARN_QUOTED_INCLUDE_IN_FRAMEWORK_HEADER = YES;
				CLANG_WARN_RANGE_LOOP_ANALYSIS = YES;
				CLANG_WARN_STRICT_PROTOTYPES = YES;
				CLANG_WARN_SUSPICIOUS_MOVE = YES;
				CLANG_WARN_UNGUARDED_AVAILABILITY = YES_AGGRESSIVE;
				CLANG_WARN_UNREACHABLE_CODE = YES;
				CLANG_WARN__DUPLICATE_METHOD_MATCH = YES;
				CODE_SIGN_ENTITLEMENTS = "MoneyOK-macOS/MoneyOK_macOS.entitlements";
				CODE_SIGN_STYLE = Automatic;
				COMBINE_HIDPI_IMAGES = YES;
				COPY_PHASE_STRIP = NO;
				CURRENT_PROJECT_VERSION = 1;
				DEBUG_INFORMATION_FORMAT = "dwarf-with-dsym";
				DEVELOPMENT_ASSET_PATHS = "\"MoneyOK-macOS/Preview Content\"";
				DEVELOPMENT_TEAM = U6LJ73DDJU;
				ENABLE_HARDENED_RUNTIME = YES;
				ENABLE_NS_ASSERTIONS = NO;
				ENABLE_PREVIEWS = YES;
				ENABLE_STRICT_OBJC_MSGSEND = YES;
				GCC_C_LANGUAGE_STANDARD = gnu11;
				GCC_NO_COMMON_BLOCKS = YES;
				GCC_WARN_64_TO_32_BIT_CONVERSION = YES;
				GCC_WARN_ABOUT_RETURN_TYPE = YES_ERROR;
				GCC_WARN_UNDECLARED_SELECTOR = YES;
				GCC_WARN_UNINITIALIZED_AUTOS = YES_AGGRESSIVE;
				GCC_WARN_UNUSED_FUNCTION = YES;
				GCC_WARN_UNUSED_VARIABLE = YES;
				GENERATE_INFOPLIST_FILE = YES;
				INFOPLIST_KEY_NSHumanReadableCopyright = "";
				LD_RUNPATH_SEARCH_PATHS = (
					"$(inherited)",
					"@executable_path/../Frameworks",
				);
				MACOSX_DEPLOYMENT_TARGET = 12.1;
				MARKETING_VERSION = 1.0;
				MTL_ENABLE_DEBUG_INFO = NO;
				MTL_FAST_MATH = YES;
				PRODUCT_BUNDLE_IDENTIFIER = "com.sherstyuk.MoneyOK-macOS";
				PRODUCT_NAME = "$(TARGET_NAME)";
				SDKROOT = macosx;
				SWIFT_COMPILATION_MODE = wholemodule;
				SWIFT_EMIT_LOC_STRINGS = YES;
				SWIFT_OPTIMIZATION_LEVEL = "-O";
				SWIFT_VERSION = 5.0;
			};
			name = Release;
		};
/* End XCBuildConfiguration section */

/* Begin XCConfigurationList section */
		052312CF279AD6E7003CFB9E /* Build configuration list for PBXProject "MoneyOK" */ = {
			isa = XCConfigurationList;
			buildConfigurations = (
				052312D0279AD6E7003CFB9E /* Debug */,
				052312D1279AD6E7003CFB9E /* Release */,
			);
			defaultConfigurationIsVisible = 0;
			defaultConfigurationName = Release;
		};
		052312E2279AD719003CFB9E /* Build configuration list for PBXNativeTarget "MoneyOK-iOS" */ = {
			isa = XCConfigurationList;
			buildConfigurations = (
				052312E3279AD719003CFB9E /* Debug */,
				052312E4279AD719003CFB9E /* Release */,
			);
			defaultConfigurationIsVisible = 0;
			defaultConfigurationName = Release;
		};
		052312F5279AD733003CFB9E /* Build configuration list for PBXNativeTarget "MoneyOK-macOS" */ = {
			isa = XCConfigurationList;
			buildConfigurations = (
				052312F6279AD733003CFB9E /* Debug */,
				052312F7279AD733003CFB9E /* Release */,
			);
			defaultConfigurationIsVisible = 0;
			defaultConfigurationName = Release;
		};
/* End XCConfigurationList section */

/* Begin XCVersionGroup section */
		054F037F279EDBC500F7271A /* Database.xcdatamodeld */ = {
			isa = XCVersionGroup;
			children = (
				054F0380279EDBC500F7271A /* Database.xcdatamodel */,
			);
			currentVersion = 054F0380279EDBC500F7271A /* Database.xcdatamodel */;
			path = Database.xcdatamodeld;
			sourceTree = "<group>";
			versionGroupType = wrapper.xcdatamodel;
		};
/* End XCVersionGroup section */
	};
	rootObject = 052312CC279AD6E7003CFB9E /* Project object */;
}
